{
  "nodes": {
    "gtk-layer-shell": {
      "inputs": {
        "nixpkgs": [
          "nixpkgs"
        ]
      },
      "locked": {
        "lastModified": 1711050134,
        "narHash": "sha256-9hE5404e+HQElPqf6hXVf69W0971grf77As28MLOgEE=",
        "ref": "refs/heads/master",
        "rev": "a0b17dee44f286830250283ab930738fc76e6b63",
        "revCount": 510,
        "type": "git",
        "url": "ssh://git@github.com/Cu3PO42/gtk-lock-shell.git"
      },
      "original": {
        "type": "git",
        "url": "ssh://git@github.com/Cu3PO42/gtk-lock-shell.git"
      }
    },
    "nixpkgs": {
      "locked": {
        "lastModified": 1708475490,
        "narHash": "sha256-g1v0TsWBQPX97ziznfJdWhgMyMGtoBFs102xSYO4syU=",
        "owner": "NixOS",
        "repo": "nixpkgs",
        "rev": "0e74ca98a74bc7270d28838369593635a5db3260",
        "type": "github"
      },
      "original": {
        "owner": "NixOS",
        "ref": "nixos-unstable",
        "repo": "nixpkgs",
        "type": "github"
      }
    },
    "root": {
      "inputs": {
        "gtk-layer-shell": "gtk-layer-shell",
        "nixpkgs": "nixpkgs"
      }
    }
  },
  "root": "root",
  "version": 7
}
